
Microsoft Visual Studio Solution File, Format Version 12.00
# Visual Studio 15
VisualStudioVersion = 15.0.26124.0
MinimumVisualStudioVersion = 15.0.26124.0
Project("{2150E333-8FDC-42A3-9474-1A3956D46DE8}") = "src", "src", "{CA824888-352A-462D-9811-E132B6BDF798}"
EndProject
Project("{FAE04EC0-301F-11D3-BF4B-00C04F79EFBC}") = "SimpleAPI", "src\SimpleAPI\SimpleAPI.csproj", "{93CAB4CE-FE56-4610-B389-F03EBED0955D}"
EndProject
Project("{2150E333-8FDC-42A3-9474-1A3956D46DE8}") = "test", "test", "{869B5139-1A37-44CB-AA8F-BD5C48EE0B22}"
EndProject
Project("{FAE04EC0-301F-11D3-BF4B-00C04F79EFBC}") = "SimpleAPI.Test", "test\SimpleAPI.Test\SimpleAPI.Test.csproj", "{870A5BDA-29D5-4EC7-8CD5-37526D7804AE}"
EndProject
Global
	GlobalSection(SolutionConfigurationPlatforms) = preSolution
		Debug|Any CPU = Debug|Any CPU
		Debug|x64 = Debug|x64
		Debug|x86 = Debug|x86
		Release|Any CPU = Release|Any CPU
		Release|x64 = Release|x64
		Release|x86 = Release|x86
	EndGlobalSection
	GlobalSection(SolutionProperties) = preSolution
		HideSolutionNode = FALSE
	EndGlobalSection
	GlobalSection(ProjectConfigurationPlatforms) = postSolution
		{93CAB4CE-FE56-4610-B389-F03EBED0955D}.Debug|Any CPU.ActiveCfg = Debug|Any CPU
		{93CAB4CE-FE56-4610-B389-F03EBED0955D}.Debug|Any CPU.Build.0 = Debug|Any CPU
		{93CAB4CE-FE56-4610-B389-F03EBED0955D}.Debug|x64.ActiveCfg = Debug|Any CPU
		{93CAB4CE-FE56-4610-B389-F03EBED0955D}.Debug|x64.Build.0 = Debug|Any CPU
		{93CAB4CE-FE56-4610-B389-F03EBED0955D}.Debug|x86.ActiveCfg = Debug|Any CPU
		{93CAB4CE-FE56-4610-B389-F03EBED0955D}.Debug|x86.Build.0 = Debug|Any CPU
		{93CAB4CE-FE56-4610-B389-F03EBED0955D}.Release|Any CPU.ActiveCfg = Release|Any CPU
		{93CAB4CE-FE56-4610-B389-F03EBED0955D}.Release|Any CPU.Build.0 = Release|Any CPU
		{93CAB4CE-FE56-4610-B389-F03EBED0955D}.Release|x64.ActiveCfg = Release|Any CPU
		{93CAB4CE-FE56-4610-B389-F03EBED0955D}.Release|x64.Build.0 = Release|Any CPU
		{93CAB4CE-FE56-4610-B389-F03EBED0955D}.Release|x86.ActiveCfg = Release|Any CPU
		{93CAB4CE-FE56-4610-B389-F03EBED0955D}.Release|x86.Build.0 = Release|Any CPU
		{870A5BDA-29D5-4EC7-8CD5-37526D7804AE}.Debug|Any CPU.ActiveCfg = Debug|Any CPU
		{870A5BDA-29D5-4EC7-8CD5-37526D7804AE}.Debug|Any CPU.Build.0 = Debug|Any CPU
		{870A5BDA-29D5-4EC7-8CD5-37526D7804AE}.Debug|x64.ActiveCfg = Debug|Any CPU
		{870A5BDA-29D5-4EC7-8CD5-37526D7804AE}.Debug|x64.Build.0 = Debug|Any CPU
		{870A5BDA-29D5-4EC7-8CD5-37526D7804AE}.Debug|x86.ActiveCfg = Debug|Any CPU
		{870A5BDA-29D5-4EC7-8CD5-37526D7804AE}.Debug|x86.Build.0 = Debug|Any CPU
		{870A5BDA-29D5-4EC7-8CD5-37526D7804AE}.Release|Any CPU.ActiveCfg = Release|Any CPU
		{870A5BDA-29D5-4EC7-8CD5-37526D7804AE}.Release|Any CPU.Build.0 = Release|Any CPU
		{870A5BDA-29D5-4EC7-8CD5-37526D7804AE}.Release|x64.ActiveCfg = Release|Any CPU
		{870A5BDA-29D5-4EC7-8CD5-37526D7804AE}.Release|x64.Build.0 = Release|Any CPU
		{870A5BDA-29D5-4EC7-8CD5-37526D7804AE}.Release|x86.ActiveCfg = Release|Any CPU
		{870A5BDA-29D5-4EC7-8CD5-37526D7804AE}.Release|x86.Build.0 = Release|Any CPU
	EndGlobalSection
	GlobalSection(NestedProjects) = preSolution
		{93CAB4CE-FE56-4610-B389-F03EBED0955D} = {CA824888-352A-462D-9811-E132B6BDF798}
		{870A5BDA-29D5-4EC7-8CD5-37526D7804AE} = {869B5139-1A37-44CB-AA8F-BD5C48EE0B22}
	EndGlobalSection
EndGlobal
